
Microsoft Visual Studio Solution File, Format Version 12.00
# Visual Studio Version 17
VisualStudioVersion = 17.9.34607.119
MinimumVisualStudioVersion = 10.0.40219.1
Project("{FAE04EC0-301F-11D3-BF4B-00C04F79EFBC}") = "cviko 24.4.", "..\cviko 24.4\cviko 24.4\cviko 24.4..csproj", "{60B45AD8-3103-4EA4-A4DF-1F97ED7A1E00}"
EndProject
Global
	GlobalSection(SolutionConfigurationPlatforms) = preSolution
		Debug|Any CPU = Debug|Any CPU
		Release|Any CPU = Release|Any CPU
	EndGlobalSection
	GlobalSection(ProjectConfigurationPlatforms) = postSolution
		{60B45AD8-3103-4EA4-A4DF-1F97ED7A1E00}.Debug|Any CPU.ActiveCfg = Debug|Any CPU
		{60B45AD8-3103-4EA4-A4DF-1F97ED7A1E00}.Debug|Any CPU.Build.0 = Debug|Any CPU
		{60B45AD8-3103-4EA4-A4DF-1F97ED7A1E00}.Release|Any CPU.ActiveCfg = Release|Any CPU
		{60B45AD8-3103-4EA4-A4DF-1F97ED7A1E00}.Release|Any CPU.Build.0 = Release|Any CPU
	EndGlobalSection
	GlobalSection(SolutionProperties) = preSolution
		HideSolutionNode = FALSE
	EndGlobalSection
	GlobalSection(ExtensibilityGlobals) = postSolution
		SolutionGuid = {E65FC4E6-106A-452D-94D8-BB87ECB94464}
	EndGlobalSection
EndGlobal
