
Microsoft Visual Studio Solution File, Format Version 12.00
# Visual Studio Version 17
VisualStudioVersion = 17.9.34607.119
MinimumVisualStudioVersion = 10.0.40219.1
Project("{FAE04EC0-301F-11D3-BF4B-00C04F79EFBC}") = "MinesweeperWinFormsRefactored", "MinesweeperWinFormsRefactored\MinesweeperWinFormsRefactored.csproj", "{00E68A32-87BE-4C89-AD54-BE6DE4282F6E}"
EndProject
Global
	GlobalSection(SolutionConfigurationPlatforms) = preSolution
		Debug|Any CPU = Debug|Any CPU
		Release|Any CPU = Release|Any CPU
	EndGlobalSection
	GlobalSection(ProjectConfigurationPlatforms) = postSolution
		{00E68A32-87BE-4C89-AD54-BE6DE4282F6E}.Debug|Any CPU.ActiveCfg = Debug|Any CPU
		{00E68A32-87BE-4C89-AD54-BE6DE4282F6E}.Debug|Any CPU.Build.0 = Debug|Any CPU
		{00E68A32-87BE-4C89-AD54-BE6DE4282F6E}.Release|Any CPU.ActiveCfg = Release|Any CPU
		{00E68A32-87BE-4C89-AD54-BE6DE4282F6E}.Release|Any CPU.Build.0 = Release|Any CPU
	EndGlobalSection
	GlobalSection(SolutionProperties) = preSolution
		HideSolutionNode = FALSE
	EndGlobalSection
	GlobalSection(ExtensibilityGlobals) = postSolution
		SolutionGuid = {FE8D7A3C-61B4-41FA-8B1D-A7E95018251D}
	EndGlobalSection
EndGlobal
