
Microsoft Visual Studio Solution File, Format Version 12.00
# Visual Studio Version 17
VisualStudioVersion = 17.9.34607.119
MinimumVisualStudioVersion = 10.0.40219.1
Project("{FAE04EC0-301F-11D3-BF4B-00C04F79EFBC}") = "cviko7.11.24", "cviko7.11.24\cviko7.11.24.csproj", "{7EE56F1F-F96C-40A2-B300-C8159EE280BE}"
EndProject
Global
	GlobalSection(SolutionConfigurationPlatforms) = preSolution
		Debug|Any CPU = Debug|Any CPU
		Release|Any CPU = Release|Any CPU
	EndGlobalSection
	GlobalSection(ProjectConfigurationPlatforms) = postSolution
		{7EE56F1F-F96C-40A2-B300-C8159EE280BE}.Debug|Any CPU.ActiveCfg = Debug|Any CPU
		{7EE56F1F-F96C-40A2-B300-C8159EE280BE}.Debug|Any CPU.Build.0 = Debug|Any CPU
		{7EE56F1F-F96C-40A2-B300-C8159EE280BE}.Release|Any CPU.ActiveCfg = Release|Any CPU
		{7EE56F1F-F96C-40A2-B300-C8159EE280BE}.Release|Any CPU.Build.0 = Release|Any CPU
	EndGlobalSection
	GlobalSection(SolutionProperties) = preSolution
		HideSolutionNode = FALSE
	EndGlobalSection
	GlobalSection(ExtensibilityGlobals) = postSolution
		SolutionGuid = {0518534F-2A4F-4244-BB50-B87058A26BD1}
	EndGlobalSection
EndGlobal
