
Microsoft Visual Studio Solution File, Format Version 12.00
# Visual Studio Version 17
VisualStudioVersion = 17.9.34607.119
MinimumVisualStudioVersion = 10.0.40219.1
Project("{FAE04EC0-301F-11D3-BF4B-00C04F79EFBC}") = "Minesweeper WinForms", "Minesweeper WinForms\Minesweeper WinForms.csproj", "{B0EF82F2-8FBF-45E2-B3C6-BE013DF9C8D6}"
EndProject
Global
	GlobalSection(SolutionConfigurationPlatforms) = preSolution
		Debug|Any CPU = Debug|Any CPU
		Release|Any CPU = Release|Any CPU
	EndGlobalSection
	GlobalSection(ProjectConfigurationPlatforms) = postSolution
		{B0EF82F2-8FBF-45E2-B3C6-BE013DF9C8D6}.Debug|Any CPU.ActiveCfg = Debug|Any CPU
		{B0EF82F2-8FBF-45E2-B3C6-BE013DF9C8D6}.Debug|Any CPU.Build.0 = Debug|Any CPU
		{B0EF82F2-8FBF-45E2-B3C6-BE013DF9C8D6}.Release|Any CPU.ActiveCfg = Release|Any CPU
		{B0EF82F2-8FBF-45E2-B3C6-BE013DF9C8D6}.Release|Any CPU.Build.0 = Release|Any CPU
	EndGlobalSection
	GlobalSection(SolutionProperties) = preSolution
		HideSolutionNode = FALSE
	EndGlobalSection
	GlobalSection(ExtensibilityGlobals) = postSolution
		SolutionGuid = {085040F8-6118-4F43-BC36-D80ABD975991}
	EndGlobalSection
EndGlobal
